// !$*UTF8*$!
{
	archiveVersion = 1;
	classes = {
	};
	objectVersion = 56;
	objects = {

/* Begin PBXBuildFile section */
		C8869D952A77AB760027C0FC /* AppDelegate.swift in Sources */ = {isa = PBXBuildFile; fileRef = C8869D942A77AB760027C0FC /* AppDelegate.swift */; };
		C8869D972A77AB760027C0FC /* SceneDelegate.swift in Sources */ = {isa = PBXBuildFile; fileRef = C8869D962A77AB760027C0FC /* SceneDelegate.swift */; };
		C8869D992A77AB760027C0FC /* ViewController.swift in Sources */ = {isa = PBXBuildFile; fileRef = C8869D982A77AB760027C0FC /* ViewController.swift */; };
		C8869D9C2A77AB760027C0FC /* Main.storyboard in Resources */ = {isa = PBXBuildFile; fileRef = C8869D9A2A77AB760027C0FC /* Main.storyboard */; };
		C8869D9E2A77AB770027C0FC /* Assets.xcassets in Resources */ = {isa = PBXBuildFile; fileRef = C8869D9D2A77AB770027C0FC /* Assets.xcassets */; };
		C8869DA12A77AB770027C0FC /* LaunchScreen.storyboard in Resources */ = {isa = PBXBuildFile; fileRef = C8869D9F2A77AB770027C0FC /* LaunchScreen.storyboard */; };
		C8869DAC2A77AB770027C0FC /* KarmazTests.swift in Sources */ = {isa = PBXBuildFile; fileRef = C8869DAB2A77AB770027C0FC /* KarmazTests.swift */; };
		C8869DB62A77AB770027C0FC /* KarmazUITests.swift in Sources */ = {isa = PBXBuildFile; fileRef = C8869DB52A77AB770027C0FC /* KarmazUITests.swift */; };
		C8869DB82A77AB770027C0FC /* KarmazUITestsLaunchTests.swift in Sources */ = {isa = PBXBuildFile; fileRef = C8869DB72A77AB770027C0FC /* KarmazUITestsLaunchTests.swift */; };
		C8869DC82A77B2720027C0FC /* RegViewController.swift in Sources */ = {isa = PBXBuildFile; fileRef = C8869DC72A77B2720027C0FC /* RegViewController.swift */; };
		C8CA6E8E2A77DB4900364D96 /* LoginViewController.swift in Sources */ = {isa = PBXBuildFile; fileRef = C8CA6E8D2A77DB4900364D96 /* LoginViewController.swift */; };
/* End PBXBuildFile section */

/* Begin PBXContainerItemProxy section */
		C8869DA82A77AB770027C0FC /* PBXContainerItemProxy */ = {
			isa = PBXContainerItemProxy;
			containerPortal = C8869D892A77AB760027C0FC /* Project object */;
			proxyType = 1;
			remoteGlobalIDString = C8869D902A77AB760027C0FC;
			remoteInfo = Karmaz;
		};
		C8869DB22A77AB770027C0FC /* PBXContainerItemProxy */ = {
			isa = PBXContainerItemProxy;
			containerPortal = C8869D892A77AB760027C0FC /* Project object */;
			proxyType = 1;
			remoteGlobalIDString = C8869D902A77AB760027C0FC;
			remoteInfo = Karmaz;
		};
/* End PBXContainerItemProxy section */

/* Begin PBXFileReference section */
		C8869D912A77AB760027C0FC /* Karmaz.app */ = {isa = PBXFileReference; explicitFileType = wrapper.application; includeInIndex = 0; path = Karmaz.app; sourceTree = BUILT_PRODUCTS_DIR; };
		C8869D942A77AB760027C0FC /* AppDelegate.swift */ = {isa = PBXFileReference; lastKnownFileType = sourcecode.swift; path = AppDelegate.swift; sourceTree = "<group>"; };
		C8869D962A77AB760027C0FC /* SceneDelegate.swift */ = {isa = PBXFileReference; lastKnownFileType = sourcecode.swift; path = SceneDelegate.swift; sourceTree = "<group>"; };
		C8869D982A77AB760027C0FC /* ViewController.swift */ = {isa = PBXFileReference; lastKnownFileType = sourcecode.swift; path = ViewController.swift; sourceTree = "<group>"; };
		C8869D9B2A77AB760027C0FC /* Base */ = {isa = PBXFileReference; lastKnownFileType = file.storyboard; name = Base; path = Base.lproj/Main.storyboard; sourceTree = "<group>"; };
		C8869D9D2A77AB770027C0FC /* Assets.xcassets */ = {isa = PBXFileReference; lastKnownFileType = folder.assetcatalog; path = Assets.xcassets; sourceTree = "<group>"; };
		C8869DA02A77AB770027C0FC /* Base */ = {isa = PBXFileReference; lastKnownFileType = file.storyboard; name = Base; path = Base.lproj/LaunchScreen.storyboard; sourceTree = "<group>"; };
		C8869DA22A77AB770027C0FC /* Info.plist */ = {isa = PBXFileReference; lastKnownFileType = text.plist.xml; path = Info.plist; sourceTree = "<group>"; };
		C8869DA72A77AB770027C0FC /* KarmazTests.xctest */ = {isa = PBXFileReference; explicitFileType = wrapper.cfbundle; includeInIndex = 0; path = KarmazTests.xctest; sourceTree = BUILT_PRODUCTS_DIR; };
		C8869DAB2A77AB770027C0FC /* KarmazTests.swift */ = {isa = PBXFileReference; lastKnownFileType = sourcecode.swift; path = KarmazTests.swift; sourceTree = "<group>"; };
		C8869DB12A77AB770027C0FC /* KarmazUITests.xctest */ = {isa = PBXFileReference; explicitFileType = wrapper.cfbundle; includeInIndex = 0; path = KarmazUITests.xctest; sourceTree = BUILT_PRODUCTS_DIR; };
		C8869DB52A77AB770027C0FC /* KarmazUITests.swift */ = {isa = PBXFileReference; lastKnownFileType = sourcecode.swift; path = KarmazUITests.swift; sourceTree = "<group>"; };
		C8869DB72A77AB770027C0FC /* KarmazUITestsLaunchTests.swift */ = {isa = PBXFileReference; lastKnownFileType = sourcecode.swift; path = KarmazUITestsLaunchTests.swift; sourceTree = "<group>"; };
		C8869DC72A77B2720027C0FC /* RegViewController.swift */ = {isa = PBXFileReference; lastKnownFileType = sourcecode.swift; path = RegViewController.swift; sourceTree = "<group>"; };
		C8CA6E8D2A77DB4900364D96 /* LoginViewController.swift */ = {isa = PBXFileReference; lastKnownFileType = sourcecode.swift; path = LoginViewController.swift; sourceTree = "<group>"; };
/* End PBXFileReference section */

/* Begin PBXFrameworksBuildPhase section */
		C8869D8E2A77AB760027C0FC /* Frameworks */ = {
			isa = PBXFrameworksBuildPhase;
			buildActionMask = 2147483647;
			files = (
			);
			runOnlyForDeploymentPostprocessing = 0;
		};
		C8869DA42A77AB770027C0FC /* Frameworks */ = {
			isa = PBXFrameworksBuildPhase;
			buildActionMask = 2147483647;
			files = (
			);
			runOnlyForDeploymentPostprocessing = 0;
		};
		C8869DAE2A77AB770027C0FC /* Frameworks */ = {
			isa = PBXFrameworksBuildPhase;
			buildActionMask = 2147483647;
			files = (
			);
			runOnlyForDeploymentPostprocessing = 0;
		};
/* End PBXFrameworksBuildPhase section */

/* Begin PBXGroup section */
		C8869D882A77AB760027C0FC = {
			isa = PBXGroup;
			children = (
				C8869D932A77AB760027C0FC /* Karmaz */,
				C8869DAA2A77AB770027C0FC /* KarmazTests */,
				C8869DB42A77AB770027C0FC /* KarmazUITests */,
				C8869D922A77AB760027C0FC /* Products */,
			);
			sourceTree = "<group>";
		};
		C8869D922A77AB760027C0FC /* Products */ = {
			isa = PBXGroup;
			children = (
				C8869D912A77AB760027C0FC /* Karmaz.app */,
				C8869DA72A77AB770027C0FC /* KarmazTests.xctest */,
				C8869DB12A77AB770027C0FC /* KarmazUITests.xctest */,
			);
			name = Products;
			sourceTree = "<group>";
		};
		C8869D932A77AB760027C0FC /* Karmaz */ = {
			isa = PBXGroup;
			children = (
				C8CA6E8D2A77DB4900364D96 /* LoginViewController.swift */,
				C8869DC72A77B2720027C0FC /* RegViewController.swift */,
				C8869D982A77AB760027C0FC /* ViewController.swift */,
				C8869D942A77AB760027C0FC /* AppDelegate.swift */,
				C8869D962A77AB760027C0FC /* SceneDelegate.swift */,
				C8869D9A2A77AB760027C0FC /* Main.storyboard */,
				C8869D9D2A77AB770027C0FC /* Assets.xcassets */,
				C8869D9F2A77AB770027C0FC /* LaunchScreen.storyboard */,
				C8869DA22A77AB770027C0FC /* Info.plist */,
			);
			path = Karmaz;
			sourceTree = "<group>";
		};
		C8869DAA2A77AB770027C0FC /* KarmazTests */ = {
			isa = PBXGroup;
			children = (
				C8869DAB2A77AB770027C0FC /* KarmazTests.swift */,
			);
			path = KarmazTests;
			sourceTree = "<group>";
		};
		C8869DB42A77AB770027C0FC /* KarmazUITests */ = {
			isa = PBXGroup;
			children = (
				C8869DB52A77AB770027C0FC /* KarmazUITests.swift */,
				C8869DB72A77AB770027C0FC /* KarmazUITestsLaunchTests.swift */,
			);
			path = KarmazUITests;
			sourceTree = "<group>";
		};
/* End PBXGroup section */

/* Begin PBXNativeTarget section */
		C8869D902A77AB760027C0FC /* Karmaz */ = {
			isa = PBXNativeTarget;
			buildConfigurationList = C8869DBB2A77AB770027C0FC /* Build configuration list for PBXNativeTarget "Karmaz" */;
			buildPhases = (
				C8869D8D2A77AB760027C0FC /* Sources */,
				C8869D8E2A77AB760027C0FC /* Frameworks */,
				C8869D8F2A77AB760027C0FC /* Resources */,
			);
			buildRules = (
			);
			dependencies = (
			);
			name = Karmaz;
			productName = Karmaz;
			productReference = C8869D912A77AB760027C0FC /* Karmaz.app */;
			productType = "com.apple.product-type.application";
		};
		C8869DA62A77AB770027C0FC /* KarmazTests */ = {
			isa = PBXNativeTarget;
			buildConfigurationList = C8869DBE2A77AB770027C0FC /* Build configuration list for PBXNativeTarget "KarmazTests" */;
			buildPhases = (
				C8869DA32A77AB770027C0FC /* Sources */,
				C8869DA42A77AB770027C0FC /* Frameworks */,
				C8869DA52A77AB770027C0FC /* Resources */,
			);
			buildRules = (
			);
			dependencies = (
				C8869DA92A77AB770027C0FC /* PBXTargetDependency */,
			);
			name = KarmazTests;
			productName = KarmazTests;
			productReference = C8869DA72A77AB770027C0FC /* KarmazTests.xctest */;
			productType = "com.apple.product-type.bundle.unit-test";
		};
		C8869DB02A77AB770027C0FC /* KarmazUITests */ = {
			isa = PBXNativeTarget;
			buildConfigurationList = C8869DC12A77AB770027C0FC /* Build configuration list for PBXNativeTarget "KarmazUITests" */;
			buildPhases = (
				C8869DAD2A77AB770027C0FC /* Sources */,
				C8869DAE2A77AB770027C0FC /* Frameworks */,
				C8869DAF2A77AB770027C0FC /* Resources */,
			);
			buildRules = (
			);
			dependencies = (
				C8869DB32A77AB770027C0FC /* PBXTargetDependency */,
			);
			name = KarmazUITests;
			productName = KarmazUITests;
			productReference = C8869DB12A77AB770027C0FC /* KarmazUITests.xctest */;
			productType = "com.apple.product-type.bundle.ui-testing";
		};
/* End PBXNativeTarget section */

/* Begin PBXProject section */
		C8869D892A77AB760027C0FC /* Project object */ = {
			isa = PBXProject;
			attributes = {
				BuildIndependentTargetsInParallel = 1;
				LastSwiftUpdateCheck = 1420;
				LastUpgradeCheck = 1420;
				TargetAttributes = {
					C8869D902A77AB760027C0FC = {
						CreatedOnToolsVersion = 14.2;
					};
					C8869DA62A77AB770027C0FC = {
						CreatedOnToolsVersion = 14.2;
						TestTargetID = C8869D902A77AB760027C0FC;
					};
					C8869DB02A77AB770027C0FC = {
						CreatedOnToolsVersion = 14.2;
						TestTargetID = C8869D902A77AB760027C0FC;
					};
				};
			};
			buildConfigurationList = C8869D8C2A77AB760027C0FC /* Build configuration list for PBXProject "Karmaz" */;
			compatibilityVersion = "Xcode 14.0";
			developmentRegion = en;
			hasScannedForEncodings = 0;
			knownRegions = (
				en,
				Base,
			);
			mainGroup = C8869D882A77AB760027C0FC;
			productRefGroup = C8869D922A77AB760027C0FC /* Products */;
			projectDirPath = "";
			projectRoot = "";
			targets = (
				C8869D902A77AB760027C0FC /* Karmaz */,
				C8869DA62A77AB770027C0FC /* KarmazTests */,
				C8869DB02A77AB770027C0FC /* KarmazUITests */,
			);
		};
/* End PBXProject section */

/* Begin PBXResourcesBuildPhase section */
		C8869D8F2A77AB760027C0FC /* Resources */ = {
			isa = PBXResourcesBuildPhase;
			buildActionMask = 2147483647;
			files = (
				C8869DA12A77AB770027C0FC /* LaunchScreen.storyboard in Resources */,
				C8869D9E2A77AB770027C0FC /* Assets.xcassets in Resources */,
				C8869D9C2A77AB760027C0FC /* Main.storyboard in Resources */,
			);
			runOnlyForDeploymentPostprocessing = 0;
		};
		C8869DA52A77AB770027C0FC /* Resources */ = {
			isa = PBXResourcesBuildPhase;
			buildActionMask = 2147483647;
			files = (
			);
			runOnlyForDeploymentPostprocessing = 0;
		};
		C8869DAF2A77AB770027C0FC /* Resources */ = {
			isa = PBXResourcesBuildPhase;
			buildActionMask = 2147483647;
			files = (
			);
			runOnlyForDeploymentPostprocessing = 0;
		};
/* End PBXResourcesBuildPhase section */

/* Begin PBXSourcesBuildPhase section */
		C8869D8D2A77AB760027C0FC /* Sources */ = {
			isa = PBXSourcesBuildPhase;
			buildActionMask = 2147483647;
			files = (
				C8869D992A77AB760027C0FC /* ViewController.swift in Sources */,
				C8869D952A77AB760027C0FC /* AppDelegate.swift in Sources */,
				C8869D972A77AB760027C0FC /* SceneDelegate.swift in Sources */,
				C8CA6E8E2A77DB4900364D96 /* LoginViewController.swift in Sources */,
				C8869DC82A77B2720027C0FC /* RegViewController.swift in Sources */,
			);
			runOnlyForDeploymentPostprocessing = 0;
		};
		C8869DA32A77AB770027C0FC /* Sources */ = {
			isa = PBXSourcesBuildPhase;
			buildActionMask = 2147483647;
			files = (
				C8869DAC2A77AB770027C0FC /* KarmazTests.swift in Sources */,
			);
			runOnlyForDeploymentPostprocessing = 0;
		};
		C8869DAD2A77AB770027C0FC /* Sources */ = {
			isa = PBXSourcesBuildPhase;
			buildActionMask = 2147483647;
			files = (
				C8869DB82A77AB770027C0FC /* KarmazUITestsLaunchTests.swift in Sources */,
				C8869DB62A77AB770027C0FC /* KarmazUITests.swift in Sources */,
			);
			runOnlyForDeploymentPostprocessing = 0;
		};
/* End PBXSourcesBuildPhase section */

/* Begin PBXTargetDependency section */
		C8869DA92A77AB770027C0FC /* PBXTargetDependency */ = {
			isa = PBXTargetDependency;
			target = C8869D902A77AB760027C0FC /* Karmaz */;
			targetProxy = C8869DA82A77AB770027C0FC /* PBXContainerItemProxy */;
		};
		C8869DB32A77AB770027C0FC /* PBXTargetDependency */ = {
			isa = PBXTargetDependency;
			target = C8869D902A77AB760027C0FC /* Karmaz */;
			targetProxy = C8869DB22A77AB770027C0FC /* PBXContainerItemProxy */;
		};
/* End PBXTargetDependency section */

/* Begin PBXVariantGroup section */
		C8869D9A2A77AB760027C0FC /* Main.storyboard */ = {
			isa = PBXVariantGroup;
			children = (
				C8869D9B2A77AB760027C0FC /* Base */,
			);
			name = Main.storyboard;
			sourceTree = "<group>";
		};
		C8869D9F2A77AB770027C0FC /* LaunchScreen.storyboard */ = {
			isa = PBXVariantGroup;
			children = (
				C8869DA02A77AB770027C0FC /* Base */,
			);
			name = LaunchScreen.storyboard;
			sourceTree = "<group>";
		};
/* End PBXVariantGroup section */

/* Begin XCBuildConfiguration section */
		C8869DB92A77AB770027C0FC /* Debug */ = {
			isa = XCBuildConfiguration;
			buildSettings = {
				ALWAYS_SEARCH_USER_PATHS = NO;
				CLANG_ANALYZER_NONNULL = YES;
				CLANG_ANALYZER_NUMBER_OBJECT_CONVERSION = YES_AGGRESSIVE;
				CLANG_CXX_LANGUAGE_STANDARD = "gnu++20";
				CLANG_ENABLE_MODULES = YES;
				CLANG_ENABLE_OBJC_ARC = YES;
				CLANG_ENABLE_OBJC_WEAK = YES;
				CLANG_WARN_BLOCK_CAPTURE_AUTORELEASING = YES;
				CLANG_WARN_BOOL_CONVERSION = YES;
				CLANG_WARN_COMMA = YES;
				CLANG_WARN_CONSTANT_CONVERSION = YES;
				CLANG_WARN_DEPRECATED_OBJC_IMPLEMENTATIONS = YES;
				CLANG_WARN_DIRECT_OBJC_ISA_USAGE = YES_ERROR;
				CLANG_WARN_DOCUMENTATION_COMMENTS = YES;
				CLANG_WARN_EMPTY_BODY = YES;
				CLANG_WARN_ENUM_CONVERSION = YES;
				CLANG_WARN_INFINITE_RECURSION = YES;
				CLANG_WARN_INT_CONVERSION = YES;
				CLANG_WARN_NON_LITERAL_NULL_CONVERSION = YES;
				CLANG_WARN_OBJC_IMPLICIT_RETAIN_SELF = YES;
				CLANG_WARN_OBJC_LITERAL_CONVERSION = YES;
				CLANG_WARN_OBJC_ROOT_CLASS = YES_ERROR;
				CLANG_WARN_QUOTED_INCLUDE_IN_FRAMEWORK_HEADER = YES;
				CLANG_WARN_RANGE_LOOP_ANALYSIS = YES;
				CLANG_WARN_STRICT_PROTOTYPES = YES;
				CLANG_WARN_SUSPICIOUS_MOVE = YES;
				CLANG_WARN_UNGUARDED_AVAILABILITY = YES_AGGRESSIVE;
				CLANG_WARN_UNREACHABLE_CODE = YES;
				CLANG_WARN__DUPLICATE_METHOD_MATCH = YES;
				COPY_PHASE_STRIP = NO;
				DEBUG_INFORMATION_FORMAT = dwarf;
				ENABLE_STRICT_OBJC_MSGSEND = YES;
				ENABLE_TESTABILITY = YES;
				GCC_C_LANGUAGE_STANDARD = gnu11;
				GCC_DYNAMIC_NO_PIC = NO;
				GCC_NO_COMMON_BLOCKS = YES;
				GCC_OPTIMIZATION_LEVEL = 0;
				GCC_PREPROCESSOR_DEFINITIONS = (
					"DEBUG=1",
					"$(inherited)",
				);
				GCC_WARN_64_TO_32_BIT_CONVERSION = YES;
				GCC_WARN_ABOUT_RETURN_TYPE = YES_ERROR;
				GCC_WARN_UNDECLARED_SELECTOR = YES;
				GCC_WARN_UNINITIALIZED_AUTOS = YES_AGGRESSIVE;
				GCC_WARN_UNUSED_FUNCTION = YES;
				GCC_WARN_UNUSED_VARIABLE = YES;
				IPHONEOS_DEPLOYMENT_TARGET = 16.2;
				MTL_ENABLE_DEBUG_INFO = INCLUDE_SOURCE;
				MTL_FAST_MATH = YES;
				ONLY_ACTIVE_ARCH = YES;
				SDKROOT = iphoneos;
				SWIFT_ACTIVE_COMPILATION_CONDITIONS = DEBUG;
				SWIFT_OPTIMIZATION_LEVEL = "-Onone";
			};
			name = Debug;
		};
		C8869DBA2A77AB770027C0FC /* Release */ = {
			isa = XCBuildConfiguration;
			buildSettings = {
				ALWAYS_SEARCH_USER_PATHS = NO;
				CLANG_ANALYZER_NONNULL = YES;
				CLANG_ANALYZER_NUMBER_OBJECT_CONVERSION = YES_AGGRESSIVE;
				CLANG_CXX_LANGUAGE_STANDARD = "gnu++20";
				CLANG_ENABLE_MODULES = YES;
				CLANG_ENABLE_OBJC_ARC = YES;
				CLANG_ENABLE_OBJC_WEAK = YES;
				CLANG_WARN_BLOCK_CAPTURE_AUTORELEASING = YES;
				CLANG_WARN_BOOL_CONVERSION = YES;
				CLANG_WARN_COMMA = YES;
				CLANG_WARN_CONSTANT_CONVERSION = YES;
				CLANG_WARN_DEPRECATED_OBJC_IMPLEMENTATIONS = YES;
				CLANG_WARN_DIRECT_OBJC_ISA_USAGE = YES_ERROR;
				CLANG_WARN_DOCUMENTATION_COMMENTS = YES;
				CLANG_WARN_EMPTY_BODY = YES;
				CLANG_WARN_ENUM_CONVERSION = YES;
				CLANG_WARN_INFINITE_RECURSION = YES;
				CLANG_WARN_INT_CONVERSION = YES;
				CLANG_WARN_NON_LITERAL_NULL_CONVERSION = YES;
				CLANG_WARN_OBJC_IMPLICIT_RETAIN_SELF = YES;
				CLANG_WARN_OBJC_LITERAL_CONVERSION = YES;
				CLANG_WARN_OBJC_ROOT_CLASS = YES_ERROR;
				CLANG_WARN_QUOTED_INCLUDE_IN_FRAMEWORK_HEADER = YES;
				CLANG_WARN_RANGE_LOOP_ANALYSIS = YES;
				CLANG_WARN_STRICT_PROTOTYPES = YES;
				CLANG_WARN_SUSPICIOUS_MOVE = YES;
				CLANG_WARN_UNGUARDED_AVAILABILITY = YES_AGGRESSIVE;
				CLANG_WARN_UNREACHABLE_CODE = YES;
				CLANG_WARN__DUPLICATE_METHOD_MATCH = YES;
				COPY_PHASE_STRIP = NO;
				DEBUG_INFORMATION_FORMAT = "dwarf-with-dsym";
				ENABLE_NS_ASSERTIONS = NO;
				ENABLE_STRICT_OBJC_MSGSEND = YES;
				GCC_C_LANGUAGE_STANDARD = gnu11;
				GCC_NO_COMMON_BLOCKS = YES;
				GCC_WARN_64_TO_32_BIT_CONVERSION = YES;
				GCC_WARN_ABOUT_RETURN_TYPE = YES_ERROR;
				GCC_WARN_UNDECLARED_SELECTOR = YES;
				GCC_WARN_UNINITIALIZED_AUTOS = YES_AGGRESSIVE;
				GCC_WARN_UNUSED_FUNCTION = YES;
				GCC_WARN_UNUSED_VARIABLE = YES;
				IPHONEOS_DEPLOYMENT_TARGET = 16.2;
				MTL_ENABLE_DEBUG_INFO = NO;
				MTL_FAST_MATH = YES;
				SDKROOT = iphoneos;
				SWIFT_COMPILATION_MODE = wholemodule;
				SWIFT_OPTIMIZATION_LEVEL = "-O";
				VALIDATE_PRODUCT = YES;
			};
			name = Release;
		};
		C8869DBC2A77AB770027C0FC /* Debug */ = {
			isa = XCBuildConfiguration;
			buildSettings = {
				ASSETCATALOG_COMPILER_APPICON_NAME = AppIcon;
				ASSETCATALOG_COMPILER_GLOBAL_ACCENT_COLOR_NAME = AccentColor;
				CODE_SIGN_STYLE = Automatic;
				CURRENT_PROJECT_VERSION = 1;
				DEVELOPMENT_TEAM = V57D4APK6P;
				GENERATE_INFOPLIST_FILE = YES;
				INFOPLIST_FILE = Karmaz/Info.plist;
				INFOPLIST_KEY_UIApplicationSupportsIndirectInputEvents = YES;
				INFOPLIST_KEY_UILaunchStoryboardName = LaunchScreen;
				INFOPLIST_KEY_UIMainStoryboardFile = Main;
				INFOPLIST_KEY_UISupportedInterfaceOrientations_iPad = "UIInterfaceOrientationPortrait UIInterfaceOrientationPortraitUpsideDown UIInterfaceOrientationLandscapeLeft UIInterfaceOrientationLandscapeRight";
				INFOPLIST_KEY_UISupportedInterfaceOrientations_iPhone = "UIInterfaceOrientationPortrait UIInterfaceOrientationLandscapeLeft UIInterfaceOrientationLandscapeRight";
				LD_RUNPATH_SEARCH_PATHS = (
					"$(inherited)",
					"@executable_path/Frameworks",
				);
				MARKETING_VERSION = 1.0;
				PRODUCT_BUNDLE_IDENTIFIER = None.Karmaz;
				PRODUCT_NAME = "$(TARGET_NAME)";
				SWIFT_EMIT_LOC_STRINGS = YES;
				SWIFT_VERSION = 5.0;
				TARGETED_DEVICE_FAMILY = "1,2";
			};
			name = Debug;
		};
		C8869DBD2A77AB770027C0FC /* Release */ = {
			isa = XCBuildConfiguration;
			buildSettings = {
				ASSETCATALOG_COMPILER_APPICON_NAME = AppIcon;
				ASSETCATALOG_COMPILER_GLOBAL_ACCENT_COLOR_NAME = AccentColor;
				CODE_SIGN_STYLE = Automatic;
				CURRENT_PROJECT_VERSION = 1;
				DEVELOPMENT_TEAM = V57D4APK6P;
				GENERATE_INFOPLIST_FILE = YES;
				INFOPLIST_FILE = Karmaz/Info.plist;
				INFOPLIST_KEY_UIApplicationSupportsIndirectInputEvents = YES;
				INFOPLIST_KEY_UILaunchStoryboardName = LaunchScreen;
				INFOPLIST_KEY_UIMainStoryboardFile = Main;
				INFOPLIST_KEY_UISupportedInterfaceOrientations_iPad = "UIInterfaceOrientationPortrait UIInterfaceOrientationPortraitUpsideDown UIInterfaceOrientationLandscapeLeft UIInterfaceOrientationLandscapeRight";
				INFOPLIST_KEY_UISupportedInterfaceOrientations_iPhone = "UIInterfaceOrientationPortrait UIInterfaceOrientationLandscapeLeft UIInterfaceOrientationLandscapeRight";
				LD_RUNPATH_SEARCH_PATHS = (
					"$(inherited)",
					"@executable_path/Frameworks",
				);
				MARKETING_VERSION = 1.0;
				PRODUCT_BUNDLE_IDENTIFIER = None.Karmaz;
				PRODUCT_NAME = "$(TARGET_NAME)";
				SWIFT_EMIT_LOC_STRINGS = YES;
				SWIFT_VERSION = 5.0;
				TARGETED_DEVICE_FAMILY = "1,2";
			};
			name = Release;
		};
		C8869DBF2A77AB770027C0FC /* Debug */ = {
			isa = XCBuildConfiguration;
			buildSettings = {
				ALWAYS_EMBED_SWIFT_STANDARD_LIBRARIES = YES;
				BUNDLE_LOADER = "$(TEST_HOST)";
				CODE_SIGN_STYLE = Automatic;
				CURRENT_PROJECT_VERSION = 1;
				DEVELOPMENT_TEAM = V57D4APK6P;
				GENERATE_INFOPLIST_FILE = YES;
				IPHONEOS_DEPLOYMENT_TARGET = 16.2;
				MARKETING_VERSION = 1.0;
				PRODUCT_BUNDLE_IDENTIFIER = None.KarmazTests;
				PRODUCT_NAME = "$(TARGET_NAME)";
				SWIFT_EMIT_LOC_STRINGS = NO;
				SWIFT_VERSION = 5.0;
				TARGETED_DEVICE_FAMILY = "1,2";
				TEST_HOST = "$(BUILT_PRODUCTS_DIR)/Karmaz.app/$(BUNDLE_EXECUTABLE_FOLDER_PATH)/Karmaz";
			};
			name = Debug;
		};
		C8869DC02A77AB770027C0FC /* Release */ = {
			isa = XCBuildConfiguration;
			buildSettings = {
				ALWAYS_EMBED_SWIFT_STANDARD_LIBRARIES = YES;
				BUNDLE_LOADER = "$(TEST_HOST)";
				CODE_SIGN_STYLE = Automatic;
				CURRENT_PROJECT_VERSION = 1;
				DEVELOPMENT_TEAM = V57D4APK6P;
				GENERATE_INFOPLIST_FILE = YES;
				IPHONEOS_DEPLOYMENT_TARGET = 16.2;
				MARKETING_VERSION = 1.0;
				PRODUCT_BUNDLE_IDENTIFIER = None.KarmazTests;
				PRODUCT_NAME = "$(TARGET_NAME)";
				SWIFT_EMIT_LOC_STRINGS = NO;
				SWIFT_VERSION = 5.0;
				TARGETED_DEVICE_FAMILY = "1,2";
				TEST_HOST = "$(BUILT_PRODUCTS_DIR)/Karmaz.app/$(BUNDLE_EXECUTABLE_FOLDER_PATH)/Karmaz";
			};
			name = Release;
		};
		C8869DC22A77AB770027C0FC /* Debug */ = {
			isa = XCBuildConfiguration;
			buildSettings = {
				ALWAYS_EMBED_SWIFT_STANDARD_LIBRARIES = YES;
				CODE_SIGN_STYLE = Automatic;
				CURRENT_PROJECT_VERSION = 1;
				DEVELOPMENT_TEAM = V57D4APK6P;
				GENERATE_INFOPLIST_FILE = YES;
				MARKETING_VERSION = 1.0;
				PRODUCT_BUNDLE_IDENTIFIER = None.KarmazUITests;
				PRODUCT_NAME = "$(TARGET_NAME)";
				SWIFT_EMIT_LOC_STRINGS = NO;
				SWIFT_VERSION = 5.0;
				TARGETED_DEVICE_FAMILY = "1,2";
				TEST_TARGET_NAME = Karmaz;
			};
			name = Debug;
		};
		C8869DC32A77AB770027C0FC /* Release */ = {
			isa = XCBuildConfiguration;
			buildSettings = {
				ALWAYS_EMBED_SWIFT_STANDARD_LIBRARIES = YES;
				CODE_SIGN_STYLE = Automatic;
				CURRENT_PROJECT_VERSION = 1;
				DEVELOPMENT_TEAM = V57D4APK6P;
				GENERATE_INFOPLIST_FILE = YES;
				MARKETING_VERSION = 1.0;
				PRODUCT_BUNDLE_IDENTIFIER = None.KarmazUITests;
				PRODUCT_NAME = "$(TARGET_NAME)";
				SWIFT_EMIT_LOC_STRINGS = NO;
				SWIFT_VERSION = 5.0;
				TARGETED_DEVICE_FAMILY = "1,2";
				TEST_TARGET_NAME = Karmaz;
			};
			name = Release;
		};
/* End XCBuildConfiguration section */

/* Begin XCConfigurationList section */
		C8869D8C2A77AB760027C0FC /* Build configuration list for PBXProject "Karmaz" */ = {
			isa = XCConfigurationList;
			buildConfigurations = (
				C8869DB92A77AB770027C0FC /* Debug */,
				C8869DBA2A77AB770027C0FC /* Release */,
			);
			defaultConfigurationIsVisible = 0;
			defaultConfigurationName = Release;
		};
		C8869DBB2A77AB770027C0FC /* Build configuration list for PBXNativeTarget "Karmaz" */ = {
			isa = XCConfigurationList;
			buildConfigurations = (
				C8869DBC2A77AB770027C0FC /* Debug */,
				C8869DBD2A77AB770027C0FC /* Release */,
			);
			defaultConfigurationIsVisible = 0;
			defaultConfigurationName = Release;
		};
		C8869DBE2A77AB770027C0FC /* Build configuration list for PBXNativeTarget "KarmazTests" */ = {
			isa = XCConfigurationList;
			buildConfigurations = (
				C8869DBF2A77AB770027C0FC /* Debug */,
				C8869DC02A77AB770027C0FC /* Release */,
			);
			defaultConfigurationIsVisible = 0;
			defaultConfigurationName = Release;
		};
		C8869DC12A77AB770027C0FC /* Build configuration list for PBXNativeTarget "KarmazUITests" */ = {
			isa = XCConfigurationList;
			buildConfigurations = (
				C8869DC22A77AB770027C0FC /* Debug */,
				C8869DC32A77AB770027C0FC /* Release */,
			);
			defaultConfigurationIsVisible = 0;
			defaultConfigurationName = Release;
		};
/* End XCConfigurationList section */
	};
	rootObject = C8869D892A77AB760027C0FC /* Project object */;
}
